github.com/bastengao/chinese-holidays-go v1.5.0 h1:B3Jp+wZ2euQ4ARrcYBtKEFFMkBwBzuuKqhfVwIikOAw=
github.com/bastengao/chinese-holidays-go v1.5.0/go.mod h1:V8TbYb0LS9o4tfUoEMQm0a+XWnAghAnxjo/Z3JlKHZw=
github.com/gorilla/mux v1.8.1 h1:TuBL49tXwgrFYWhqrNgrUNEY92u81SPhu7sTdzQEiWY=
github.com/gorilla/mux v1.8.1/go.mod h1:AKf9I4AEqPTmMytcMc0KkNouC66V3BtZ4qD5fmWSiMQ=
